PODS:
  - Alamofire (5.5.0)
  - google-cast-sdk-no-bluetooth-xcframework (4.8.0):
    - Protobuf (~> 3.13)
  - Intercom (14.0.0)
  - KeyboardAvoidingView (5.2.0):
    - ViewState (>= 1.2.1)
  - KeychainAccess (4.2.2)
  - NFDownloadButton (0.0.2)
  - Protobuf (3.29.6)
  - PutioAPI (1.5.0):
    - Alamofire (~> 5.5.0)
    - SwiftyJSON (~> 5.0)
  - Realm (10.54.6):
    - Realm/Headers (= 10.54.6)
  - Realm/Headers (10.54.6)
  - RealmSwift (10.54.6):
    - Realm (= 10.54.6)
  - RoutableLogger (12.3.3)
  - Sentry (8.58.0):
    - Sentry/Core (= 8.58.0)
  - Sentry/Core (8.58.0)
  - StatefulViewController (3.0)
  - SwiftLint (0.53.0)
  - SwiftyBeaver (1.9.5)
  - SwiftyJSON (5.0.1)
  - ViewState (2.0.0):
    - RoutableLogger (>= 9.1.11)
  - VTAcknowledgementsViewController (2.0.1)

DEPENDENCIES:
  - Alamofire (~> 5.5.0)
  - google-cast-sdk-no-bluetooth-xcframework (= 4.8.0)
  - Intercom (= 14.0.0)
  - KeyboardAvoidingView (~> 5.2)
  - KeychainAccess
  - NFDownloadButton (= 0.0.2)
  - PutioAPI (from `https://github.com/putdotio/putio-swift.git`, tag `1.5.0`)
  - RealmSwift (= 10.54.6)
  - Sentry (from `https://github.com/getsentry/sentry-cocoa.git`, tag `8.58.0`)
  - StatefulViewController (~> 3.0)
  - SwiftLint
  - SwiftyBeaver
  - SwiftyJSON
  - VTAcknowledgementsViewController

SPEC REPOS:
  trunk:
    - Alamofire
    - google-cast-sdk-no-bluetooth-xcframework
    - Intercom
    - KeyboardAvoidingView
    - KeychainAccess
    - NFDownloadButton
    - Protobuf
    - Realm
    - RealmSwift
    - RoutableLogger
    - StatefulViewController
    - SwiftLint
    - SwiftyBeaver
    - SwiftyJSON
    - ViewState
    - VTAcknowledgementsViewController

EXTERNAL SOURCES:
  PutioAPI:
    :git: https://github.com/putdotio/putio-swift.git
    :tag: 1.5.0
  Sentry:
    :git: https://github.com/getsentry/sentry-cocoa.git
    :tag: 8.58.0

CHECKOUT OPTIONS:
  PutioAPI:
    :git: https://github.com/putdotio/putio-swift.git
    :tag: 1.5.0
  Sentry:
    :git: https://github.com/getsentry/sentry-cocoa.git
    :tag: 8.58.0

SPEC CHECKSUMS:
  Alamofire: 1c4fb5369c3fe93d2857c780d8bbe09f06f97e7c
  google-cast-sdk-no-bluetooth-xcframework: 1783f52a1b2dc0293ac3ae995db5435989a87da7
  Intercom: 4faacb977c2fbdb876f5b3813671167662c1b572
  KeyboardAvoidingView: acc530b2435bba760b2270e722cb7132cf1c4d31
  KeychainAccess: c0c4f7f38f6fc7bbe58f5702e25f7bd2f65abf51
  NFDownloadButton: ea79486ae2c68acc8202eae1b07bacef4684c6cc
  Protobuf: 8d5596f7468be5400861a6bbfb2dfe9d0d1cde34
  PutioAPI: f4384b5459439b5535c2496d79529a747db29548
  Realm: b1b3bc68162fa242132eb7eefbf91d7c40f36a85
  RealmSwift: 456cfd82a4f23dff8e3456980999331ab69bbf3e
  RoutableLogger: ff5425f9ec26ec79241a591a1ed16a7a69d70b2f
  Sentry: d587a8fe91ca13503ecd69a1905f3e8a0fcf61be
  StatefulViewController: 4803bf900d44de26074344998e10e041113b5931
  SwiftLint: 5ce4d6a8ff83f1b5fd5ad5dbf30965d35af65e44
  SwiftyBeaver: 84069991dd5dca07d7069100985badaca7f0ce82
  SwiftyJSON: 2f33a42c6fbc52764d96f13368585094bfd8aa5e
  ViewState: 2443ba39d84bf9780fad2f5cd8909c81c62d4de5
  VTAcknowledgementsViewController: 2cae5539fb84081196ab00d267caad390f418ce6

PODFILE CHECKSUM: 7470c4282f4857971d281f385547a0c4538f5b84

COCOAPODS: 1.13.0
