PODS:
  - Alamofire (5.5.0)
  - google-cast-sdk-no-bluetooth (4.6.1):
    - google-cast-sdk-no-bluetooth/Core (= 4.6.1)
    - Protobuf (~> 3.13)
  - google-cast-sdk-no-bluetooth/Core (4.6.1):
    - Protobuf (~> 3.13)
  - Intercom (14.0.0)
  - KeyboardAvoidingView (5.2.0):
    - ViewState (>= 1.2.1)
  - KeychainAccess (4.2.2)
  - NFDownloadButton (0.0.2)
  - Protobuf (3.21.9)
  - PutioAPI (1.3.0):
    - Alamofire (~> 5.5.0)
    - SwiftyJSON (~> 5.0)
  - Realm (3.19.1):
    - Realm/Headers (= 3.19.1)
  - Realm/Headers (3.19.1)
  - RealmSwift (3.19.1):
    - Realm (= 3.19.1)
  - RoutableLogger (11.0.0)
  - Sentry (7.9.0):
    - Sentry/Core (= 7.9.0)
  - Sentry/Core (7.9.0)
  - StatefulViewController (3.0)
  - SwiftGifOrigin (1.6.1)
  - SwiftLint (0.49.1)
  - SwiftyBeaver (1.9.5)
  - SwiftyJSON (5.0.1)
  - ViewState (1.2.3):
    - RoutableLogger (>= 9.1.11)
  - VTAcknowledgementsViewController (2.0.1)

DEPENDENCIES:
  - Alamofire (~> 5.5.0)
  - google-cast-sdk-no-bluetooth (~> 4.4)
  - Intercom (= 14.0.0)
  - KeyboardAvoidingView (~> 5.2)
  - KeychainAccess
  - NFDownloadButton (= 0.0.2)
  - PutioAPI (from `https://github.com/putdotio/putio.swift.git`, tag `1.3.0`)
  - RealmSwift (~> 3.19.0)
  - Sentry (from `https://github.com/getsentry/sentry-cocoa.git`, tag `7.9.0`)
  - StatefulViewController (~> 3.0)
  - SwiftGifOrigin (~> 1.6.1)
  - SwiftLint
  - SwiftyBeaver
  - SwiftyJSON
  - VTAcknowledgementsViewController

SPEC REPOS:
  trunk:
    - Alamofire
    - google-cast-sdk-no-bluetooth
    - Intercom
    - KeyboardAvoidingView
    - KeychainAccess
    - NFDownloadButton
    - Protobuf
    - Realm
    - RealmSwift
    - RoutableLogger
    - StatefulViewController
    - SwiftGifOrigin
    - SwiftLint
    - SwiftyBeaver
    - SwiftyJSON
    - ViewState
    - VTAcknowledgementsViewController

EXTERNAL SOURCES:
  PutioAPI:
    :git: https://github.com/putdotio/putio.swift.git
    :tag: 1.3.0
  Sentry:
    :git: https://github.com/getsentry/sentry-cocoa.git
    :tag: 7.9.0

CHECKOUT OPTIONS:
  PutioAPI:
    :git: https://github.com/putdotio/putio.swift.git
    :tag: 1.3.0
  Sentry:
    :git: https://github.com/getsentry/sentry-cocoa.git
    :tag: 7.9.0

SPEC CHECKSUMS:
  Alamofire: 1c4fb5369c3fe93d2857c780d8bbe09f06f97e7c
  google-cast-sdk-no-bluetooth: b3037c14fdf07a794326502e799beb0875ab2029
  Intercom: 4faacb977c2fbdb876f5b3813671167662c1b572
  KeyboardAvoidingView: acc530b2435bba760b2270e722cb7132cf1c4d31
  KeychainAccess: c0c4f7f38f6fc7bbe58f5702e25f7bd2f65abf51
  NFDownloadButton: ea79486ae2c68acc8202eae1b07bacef4684c6cc
  Protobuf: 02524ec14183fe08fb259741659e79683788158b
  PutioAPI: d4c0f537a4ad0a38798b80962a22344303a5e863
  Realm: fb377747e694c7deb62d402400454134fe321bee
  RealmSwift: 1302b0ab60f3105a2b214a735eeb0938607cf16b
  RoutableLogger: 70188daca734d067967e4f464450582ca189b4d5
  Sentry: 2f7e91f247cfb05b05bd01e0b5d0692557a7687b
  StatefulViewController: 4803bf900d44de26074344998e10e041113b5931
  SwiftGifOrigin: d6679d3ebe9df2e049a84bc52582635107b581f6
  SwiftLint: 32ee33ded0636d0905ef6911b2b67bbaeeedafa5
  SwiftyBeaver: 84069991dd5dca07d7069100985badaca7f0ce82
  SwiftyJSON: 2f33a42c6fbc52764d96f13368585094bfd8aa5e
  ViewState: d6492d0434d2ee6013c270c1431dbe73cc895b75
  VTAcknowledgementsViewController: 2cae5539fb84081196ab00d267caad390f418ce6

PODFILE CHECKSUM: 1495aa3c27c5b212071797fe120dfe927e539ec5

COCOAPODS: 1.11.2
