{
  "originHash" : "abe5bd3e62dab8319f45a0795692565da1cb41ac2dc846f6869df9340260f616",
  "pins" : [
    {
      "identity" : "putio-sdk-swift",
      "kind" : "remoteSourceControl",
      "location" : "https://github.com/putdotio/putio-sdk-swift",
      "state" : {
        "revision" : "640510a31bcead483dad39db835b44d141a5b4bd",
        "version" : "4.1.0"
      }
    }
  ],
  "version" : 3
}
