{
  "originHash" : "c8af8b13826da8467866cf0c014093c46dc5d32dbd82ea33e667b81a936e8d51",
  "pins" : [
    {
      "identity" : "putio-sdk-swift",
      "kind" : "remoteSourceControl",
      "location" : "https://github.com/putdotio/putio-sdk-swift",
      "state" : {
        "revision" : "c291c69c2ec1162f34079a54813272d0c4987f60",
        "version" : "3.6.0"
      }
    }
  ],
  "version" : 3
}
